
Microsoft Visual Studio Solution File, Format Version 12.00
# Visual Studio Version 16
VisualStudioVersion = 16.0.34114.132
MinimumVisualStudioVersion = 10.0.40219.1
Project("{2150E333-8FDC-42A3-9474-1A3956D46DE8}") = "Task0", "Task0", "{A5C0E8CF-656A-42EF-B83C-08A0BD42D29A}"
EndProject
Project("{FAE04EC0-301F-11D3-BF4B-00C04F79EFBC}") = "Tyuiu.BorodulinMS.Sprint1.Task0.V3", "Tyuiu.BorodulinMS.Sprint1.Task0.V3\Tyuiu.BorodulinMS.Sprint1.Task0.V3.csproj", "{413D14E8-A08E-4098-9D1C-7EAAD2B8B0EE}"
EndProject
Project("{FAE04EC0-301F-11D3-BF4B-00C04F79EFBC}") = "Tyuiu.BorodulinMS.Sprint1.Task0.V3.Lib", "Tyuiu.BorodulinMS.Sprint1.Task0.V3.Lib\Tyuiu.BorodulinMS.Sprint1.Task0.V3.Lib.csproj", "{B95760B3-4D39-4B1D-A845-CA2477B9EC7A}"
EndProject
Project("{FAE04EC0-301F-11D3-BF4B-00C04F79EFBC}") = "Tyuiu.BorodulinMS.Sprint1.Task0.V3.Test", "Tyuiu.BorodulinMS.Sprint1.Task0.V3.Test\Tyuiu.BorodulinMS.Sprint1.Task0.V3.Test.csproj", "{5A9E7E54-A3A7-4CCD-83E3-C1BE97373B0E}"
EndProject
Project("{2150E333-8FDC-42A3-9474-1A3956D46DE8}") = "Task1", "Task1", "{F740DA96-52F3-4A8D-8A6F-4BB6AEE6421B}"
EndProject
Project("{FAE04EC0-301F-11D3-BF4B-00C04F79EFBC}") = "Tyuiu.BorodulinMS.Sprint1.Task1.V17", "Tyuiu.BorodulinMS.Sprint1.Task1.V17\Tyuiu.BorodulinMS.Sprint1.Task1.V17.csproj", "{F1166FF4-D3A9-4773-9ABC-E57E0CF29A70}"
EndProject
Project("{FAE04EC0-301F-11D3-BF4B-00C04F79EFBC}") = "Tyuiu.BorodulinMS.Sprint1.Task1.V17.Test", "Tyuiu.BorodulinMS.Sprint1.Task1.V17.Test\Tyuiu.BorodulinMS.Sprint1.Task1.V17.Test.csproj", "{88E723D4-C469-4A75-922D-3A514F96AD6F}"
EndProject
Project("{FAE04EC0-301F-11D3-BF4B-00C04F79EFBC}") = "Tyuiu.BorodulinMS.Sprint1.Task1.V17.Lib", "Tyuiu.BorodulinMS.Sprint1.Task1.V17.Lib\Tyuiu.BorodulinMS.Sprint1.Task1.V17.Lib.csproj", "{4449EF3C-5F3B-44B4-8DF5-171463CC8244}"
EndProject
Project("{2150E333-8FDC-42A3-9474-1A3956D46DE8}") = "Task2", "Task2", "{3FCC653B-DD77-478D-A237-415B869BC92F}"
EndProject
Project("{FAE04EC0-301F-11D3-BF4B-00C04F79EFBC}") = "Tyuiu.BorodulinMS.Sprint1.Task2.V18", "Tyuiu.BorodulinMS.Sprint1.Task2.V18\Tyuiu.BorodulinMS.Sprint1.Task2.V18.csproj", "{89A2A2EC-3FE8-4B32-B470-A365A801472C}"
EndProject
Project("{FAE04EC0-301F-11D3-BF4B-00C04F79EFBC}") = "Tyuiu.BorodulinMS.Sprint1.Task2.V18.Lib", "Tyuiu.BorodulinMS.Sprint1.Task2.V18.Lib\Tyuiu.BorodulinMS.Sprint1.Task2.V18.Lib.csproj", "{CEF942CB-03C2-4D9E-A22C-C7BBF897E566}"
EndProject
Project("{FAE04EC0-301F-11D3-BF4B-00C04F79EFBC}") = "Tyuiu.BorodulinMS.Sprint1.Task2.V18.Test", "Tyuiu.BorodulinMS.Sprint1.Task2.V18.Test\Tyuiu.BorodulinMS.Sprint1.Task2.V18.Test.csproj", "{B38421C8-2715-4BF6-B4EB-2D23B7B14A6E}"
EndProject
Project("{2150E333-8FDC-42A3-9474-1A3956D46DE8}") = "Task3", "Task3", "{78710E4E-CB40-4812-B10B-5A3E5FDC24AE}"
EndProject
Project("{FAE04EC0-301F-11D3-BF4B-00C04F79EFBC}") = "Tyuiu.BorodulinMS.Sprint1.Task3.V12", "Tyuiu.BorodulinMS.Sprint1.Task3.V12\Tyuiu.BorodulinMS.Sprint1.Task3.V12.csproj", "{64430916-5FAA-433B-A428-E399B325137B}"
EndProject
Project("{FAE04EC0-301F-11D3-BF4B-00C04F79EFBC}") = "Tyuiu.BorodulinMS.Sprint1.Task3.V12.Lib", "Tyuiu.BorodulinMS.Sprint1.Task3.V12.Lib\Tyuiu.BorodulinMS.Sprint1.Task3.V12.Lib.csproj", "{1938ABD7-9AD6-4A96-B5D4-F029E49AFE1F}"
EndProject
Project("{FAE04EC0-301F-11D3-BF4B-00C04F79EFBC}") = "Tyuiu.BorodulinMS.Sprint1.Task3.V12.Test", "Tyuiu.BorodulinMS.Sprint1.Task3.V12.Test\Tyuiu.BorodulinMS.Sprint1.Task3.V12.Test.csproj", "{0410BBBB-66C1-45A2-8C0F-C5DD70852B80}"
EndProject
Project("{2150E333-8FDC-42A3-9474-1A3956D46DE8}") = "Task4", "Task4", "{99C3969C-EF0F-4F31-9C55-DC0C79F92B70}"
EndProject
Project("{FAE04EC0-301F-11D3-BF4B-00C04F79EFBC}") = "Tyuiu.BorodulinMS.Sprint1.Task4.V8", "Tyuiu.BorodulinMS.Sprint1.Task4.V8\Tyuiu.BorodulinMS.Sprint1.Task4.V8.csproj", "{1AF0E5DE-0B28-418C-BA20-C5DCECB061A6}"
EndProject
Project("{FAE04EC0-301F-11D3-BF4B-00C04F79EFBC}") = "Tyuiu.BorodulinMS.Sprint1.Task4.V8.Lib", "Tyuiu.BorodulinMS.Sprint1.Task4.V8.Lib\Tyuiu.BorodulinMS.Sprint1.Task4.V8.Lib.csproj", "{F0E7DC67-C85C-4FC6-B557-C6CA3CAE2A80}"
EndProject
Project("{FAE04EC0-301F-11D3-BF4B-00C04F79EFBC}") = "Tyuiu.BorodulinMS.Sprint1.Task4.V8.Test", "Tyuiu.BorodulinMS.Sprint1.Task4.V8.Test\Tyuiu.BorodulinMS.Sprint1.Task4.V8.Test.csproj", "{7B36640D-2F34-44D9-AD01-4907BB3BB3CB}"
EndProject
Project("{2150E333-8FDC-42A3-9474-1A3956D46DE8}") = "Task5", "Task5", "{8F0D2CE7-05D7-4579-AF9C-39CAC3120B03}"
EndProject
Project("{FAE04EC0-301F-11D3-BF4B-00C04F79EFBC}") = "Tyuiu.BorodulinMS.Sprint1.Task5.V4", "Tyuiu.BorodulinMS.Sprint1.Task5.V4\Tyuiu.BorodulinMS.Sprint1.Task5.V4.csproj", "{B55C74DC-DF71-411C-A5D3-038FA1CE9D9E}"
EndProject
Project("{FAE04EC0-301F-11D3-BF4B-00C04F79EFBC}") = "Tyuiu.BorodulinMS.Sprint1.Task5.V4.Lib", "Tyuiu.BorodulinMS.Sprint1.Task5.V4.Lib\Tyuiu.BorodulinMS.Sprint1.Task5.V4.Lib.csproj", "{F2251A5F-E034-4948-AA32-4213E9E42770}"
EndProject
Project("{FAE04EC0-301F-11D3-BF4B-00C04F79EFBC}") = "Tyuiu.BorodulinMS.Sprint1.Task5.V4.Test", "Tyuiu.BorodulinMS.Sprint1.Task5.V4.Test\Tyuiu.BorodulinMS.Sprint1.Task5.V4.Test.csproj", "{408B6749-CE5A-4EA8-A6EC-FFFA07AAEA50}"
EndProject
Project("{2150E333-8FDC-42A3-9474-1A3956D46DE8}") = "Task6", "Task6", "{276A8E96-5441-4F7B-A815-7B4F4FE1751F}"
EndProject
Project("{FAE04EC0-301F-11D3-BF4B-00C04F79EFBC}") = "Tyuiu.BorodulinMS.Sprint1.Task6.V3", "Tyuiu.BorodulinMS.Sprint1.Task6.V3\Tyuiu.BorodulinMS.Sprint1.Task6.V3.csproj", "{F198ECE6-8D56-4702-91F4-992D38000435}"
EndProject
Project("{FAE04EC0-301F-11D3-BF4B-00C04F79EFBC}") = "Tyuiu.BorodulinMS.Sprint1.Task6.V3.Lib", "Tyuiu.BorodulinMS.Sprint1.Task6.V3.Lib\Tyuiu.BorodulinMS.Sprint1.Task6.V3.Lib.csproj", "{3A45BC04-6938-409D-87E4-C37D52D13E59}"
EndProject
Project("{FAE04EC0-301F-11D3-BF4B-00C04F79EFBC}") = "Tyuiu.BorodulinMS.Sprint1.Task6.V3.Test", "Tyuiu.BorodulinMS.Sprint1.Task6.V3.Test\Tyuiu.BorodulinMS.Sprint1.Task6.V3.Test.csproj", "{754D3E1D-3FF1-4F38-91C5-48A0B3A55275}"
EndProject
Project("{2150E333-8FDC-42A3-9474-1A3956D46DE8}") = "Task7", "Task7", "{1002EB2B-AF05-4C5F-95DC-D3A85710D41C}"
EndProject
Project("{FAE04EC0-301F-11D3-BF4B-00C04F79EFBC}") = "Tyuiu.BorodulinMS.Sprint1.Task7.V2", "Tyuiu.BorodulinMS.Sprint1.Task7.V2\Tyuiu.BorodulinMS.Sprint1.Task7.V2.csproj", "{8ED2FD0E-6886-493D-92AF-B424F94D3E22}"
EndProject
Project("{FAE04EC0-301F-11D3-BF4B-00C04F79EFBC}") = "Tyuiu.BorodulinMS.Sprint1.Task7.V2.Lib", "Tyuiu.BorodulinMS.Sprint1.Task7.V2.Lib\Tyuiu.BorodulinMS.Sprint1.Task7.V2.Lib.csproj", "{1DBD287B-A496-4F50-B288-B9972D1DF990}"
EndProject
Project("{FAE04EC0-301F-11D3-BF4B-00C04F79EFBC}") = "Tyuiu.BorodulinMS.Sprint1.Task7.V2.Test", "Tyuiu.BorodulinMS.Sprint1.Task7.V2.Test\Tyuiu.BorodulinMS.Sprint1.Task7.V2.Test.csproj", "{871DAE72-FBBA-41F8-905F-57D829FCE27E}"
EndProject
Global
	GlobalSection(SolutionConfigurationPlatforms) = preSolution
		Debug|Any CPU = Debug|Any CPU
		Release|Any CPU = Release|Any CPU
	EndGlobalSection
	GlobalSection(ProjectConfigurationPlatforms) = postSolution
		{413D14E8-A08E-4098-9D1C-7EAAD2B8B0EE}.Debug|Any CPU.ActiveCfg = Debug|Any CPU
		{413D14E8-A08E-4098-9D1C-7EAAD2B8B0EE}.Debug|Any CPU.Build.0 = Debug|Any CPU
		{413D14E8-A08E-4098-9D1C-7EAAD2B8B0EE}.Release|Any CPU.ActiveCfg = Release|Any CPU
		{413D14E8-A08E-4098-9D1C-7EAAD2B8B0EE}.Release|Any CPU.Build.0 = Release|Any CPU
		{B95760B3-4D39-4B1D-A845-CA2477B9EC7A}.Debug|Any CPU.ActiveCfg = Debug|Any CPU
		{B95760B3-4D39-4B1D-A845-CA2477B9EC7A}.Debug|Any CPU.Build.0 = Debug|Any CPU
		{B95760B3-4D39-4B1D-A845-CA2477B9EC7A}.Release|Any CPU.ActiveCfg = Release|Any CPU
		{B95760B3-4D39-4B1D-A845-CA2477B9EC7A}.Release|Any CPU.Build.0 = Release|Any CPU
		{5A9E7E54-A3A7-4CCD-83E3-C1BE97373B0E}.Debug|Any CPU.ActiveCfg = Debug|Any CPU
		{5A9E7E54-A3A7-4CCD-83E3-C1BE97373B0E}.Debug|Any CPU.Build.0 = Debug|Any CPU
		{5A9E7E54-A3A7-4CCD-83E3-C1BE97373B0E}.Release|Any CPU.ActiveCfg = Release|Any CPU
		{5A9E7E54-A3A7-4CCD-83E3-C1BE97373B0E}.Release|Any CPU.Build.0 = Release|Any CPU
		{F1166FF4-D3A9-4773-9ABC-E57E0CF29A70}.Debug|Any CPU.ActiveCfg = Debug|Any CPU
		{F1166FF4-D3A9-4773-9ABC-E57E0CF29A70}.Debug|Any CPU.Build.0 = Debug|Any CPU
		{F1166FF4-D3A9-4773-9ABC-E57E0CF29A70}.Release|Any CPU.ActiveCfg = Release|Any CPU
		{F1166FF4-D3A9-4773-9ABC-E57E0CF29A70}.Release|Any CPU.Build.0 = Release|Any CPU
		{88E723D4-C469-4A75-922D-3A514F96AD6F}.Debug|Any CPU.ActiveCfg = Debug|Any CPU
		{88E723D4-C469-4A75-922D-3A514F96AD6F}.Debug|Any CPU.Build.0 = Debug|Any CPU
		{88E723D4-C469-4A75-922D-3A514F96AD6F}.Release|Any CPU.ActiveCfg = Release|Any CPU
		{88E723D4-C469-4A75-922D-3A514F96AD6F}.Release|Any CPU.Build.0 = Release|Any CPU
		{4449EF3C-5F3B-44B4-8DF5-171463CC8244}.Debug|Any CPU.ActiveCfg = Debug|Any CPU
		{4449EF3C-5F3B-44B4-8DF5-171463CC8244}.Debug|Any CPU.Build.0 = Debug|Any CPU
		{4449EF3C-5F3B-44B4-8DF5-171463CC8244}.Release|Any CPU.ActiveCfg = Release|Any CPU
		{4449EF3C-5F3B-44B4-8DF5-171463CC8244}.Release|Any CPU.Build.0 = Release|Any CPU
		{89A2A2EC-3FE8-4B32-B470-A365A801472C}.Debug|Any CPU.ActiveCfg = Debug|Any CPU
		{89A2A2EC-3FE8-4B32-B470-A365A801472C}.Debug|Any CPU.Build.0 = Debug|Any CPU
		{89A2A2EC-3FE8-4B32-B470-A365A801472C}.Release|Any CPU.ActiveCfg = Release|Any CPU
		{89A2A2EC-3FE8-4B32-B470-A365A801472C}.Release|Any CPU.Build.0 = Release|Any CPU
		{CEF942CB-03C2-4D9E-A22C-C7BBF897E566}.Debug|Any CPU.ActiveCfg = Debug|Any CPU
		{CEF942CB-03C2-4D9E-A22C-C7BBF897E566}.Debug|Any CPU.Build.0 = Debug|Any CPU
		{CEF942CB-03C2-4D9E-A22C-C7BBF897E566}.Release|Any CPU.ActiveCfg = Release|Any CPU
		{CEF942CB-03C2-4D9E-A22C-C7BBF897E566}.Release|Any CPU.Build.0 = Release|Any CPU
		{B38421C8-2715-4BF6-B4EB-2D23B7B14A6E}.Debug|Any CPU.ActiveCfg = Debug|Any CPU
		{B38421C8-2715-4BF6-B4EB-2D23B7B14A6E}.Debug|Any CPU.Build.0 = Debug|Any CPU
		{B38421C8-2715-4BF6-B4EB-2D23B7B14A6E}.Release|Any CPU.ActiveCfg = Release|Any CPU
		{B38421C8-2715-4BF6-B4EB-2D23B7B14A6E}.Release|Any CPU.Build.0 = Release|Any CPU
		{64430916-5FAA-433B-A428-E399B325137B}.Debug|Any CPU.ActiveCfg = Debug|Any CPU
		{64430916-5FAA-433B-A428-E399B325137B}.Debug|Any CPU.Build.0 = Debug|Any CPU
		{64430916-5FAA-433B-A428-E399B325137B}.Release|Any CPU.ActiveCfg = Release|Any CPU
		{64430916-5FAA-433B-A428-E399B325137B}.Release|Any CPU.Build.0 = Release|Any CPU
		{1938ABD7-9AD6-4A96-B5D4-F029E49AFE1F}.Debug|Any CPU.ActiveCfg = Debug|Any CPU
		{1938ABD7-9AD6-4A96-B5D4-F029E49AFE1F}.Debug|Any CPU.Build.0 = Debug|Any CPU
		{1938ABD7-9AD6-4A96-B5D4-F029E49AFE1F}.Release|Any CPU.ActiveCfg = Release|Any CPU
		{1938ABD7-9AD6-4A96-B5D4-F029E49AFE1F}.Release|Any CPU.Build.0 = Release|Any CPU
		{0410BBBB-66C1-45A2-8C0F-C5DD70852B80}.Debug|Any CPU.ActiveCfg = Debug|Any CPU
		{0410BBBB-66C1-45A2-8C0F-C5DD70852B80}.Debug|Any CPU.Build.0 = Debug|Any CPU
		{0410BBBB-66C1-45A2-8C0F-C5DD70852B80}.Release|Any CPU.ActiveCfg = Release|Any CPU
		{0410BBBB-66C1-45A2-8C0F-C5DD70852B80}.Release|Any CPU.Build.0 = Release|Any CPU
		{1AF0E5DE-0B28-418C-BA20-C5DCECB061A6}.Debug|Any CPU.ActiveCfg = Debug|Any CPU
		{1AF0E5DE-0B28-418C-BA20-C5DCECB061A6}.Debug|Any CPU.Build.0 = Debug|Any CPU
		{1AF0E5DE-0B28-418C-BA20-C5DCECB061A6}.Release|Any CPU.ActiveCfg = Release|Any CPU
		{1AF0E5DE-0B28-418C-BA20-C5DCECB061A6}.Release|Any CPU.Build.0 = Release|Any CPU
		{F0E7DC67-C85C-4FC6-B557-C6CA3CAE2A80}.Debug|Any CPU.ActiveCfg = Debug|Any CPU
		{F0E7DC67-C85C-4FC6-B557-C6CA3CAE2A80}.Debug|Any CPU.Build.0 = Debug|Any CPU
		{F0E7DC67-C85C-4FC6-B557-C6CA3CAE2A80}.Release|Any CPU.ActiveCfg = Release|Any CPU
		{F0E7DC67-C85C-4FC6-B557-C6CA3CAE2A80}.Release|Any CPU.Build.0 = Release|Any CPU
		{7B36640D-2F34-44D9-AD01-4907BB3BB3CB}.Debug|Any CPU.ActiveCfg = Debug|Any CPU
		{7B36640D-2F34-44D9-AD01-4907BB3BB3CB}.Debug|Any CPU.Build.0 = Debug|Any CPU
		{7B36640D-2F34-44D9-AD01-4907BB3BB3CB}.Release|Any CPU.ActiveCfg = Release|Any CPU
		{7B36640D-2F34-44D9-AD01-4907BB3BB3CB}.Release|Any CPU.Build.0 = Release|Any CPU
		{B55C74DC-DF71-411C-A5D3-038FA1CE9D9E}.Debug|Any CPU.ActiveCfg = Debug|Any CPU
		{B55C74DC-DF71-411C-A5D3-038FA1CE9D9E}.Debug|Any CPU.Build.0 = Debug|Any CPU
		{B55C74DC-DF71-411C-A5D3-038FA1CE9D9E}.Release|Any CPU.ActiveCfg = Release|Any CPU
		{B55C74DC-DF71-411C-A5D3-038FA1CE9D9E}.Release|Any CPU.Build.0 = Release|Any CPU
		{F2251A5F-E034-4948-AA32-4213E9E42770}.Debug|Any CPU.ActiveCfg = Debug|Any CPU
		{F2251A5F-E034-4948-AA32-4213E9E42770}.Debug|Any CPU.Build.0 = Debug|Any CPU
		{F2251A5F-E034-4948-AA32-4213E9E42770}.Release|Any CPU.ActiveCfg = Release|Any CPU
		{F2251A5F-E034-4948-AA32-4213E9E42770}.Release|Any CPU.Build.0 = Release|Any CPU
		{408B6749-CE5A-4EA8-A6EC-FFFA07AAEA50}.Debug|Any CPU.ActiveCfg = Debug|Any CPU
		{408B6749-CE5A-4EA8-A6EC-FFFA07AAEA50}.Debug|Any CPU.Build.0 = Debug|Any CPU
		{408B6749-CE5A-4EA8-A6EC-FFFA07AAEA50}.Release|Any CPU.ActiveCfg = Release|Any CPU
		{408B6749-CE5A-4EA8-A6EC-FFFA07AAEA50}.Release|Any CPU.Build.0 = Release|Any CPU
		{F198ECE6-8D56-4702-91F4-992D38000435}.Debug|Any CPU.ActiveCfg = Debug|Any CPU
		{F198ECE6-8D56-4702-91F4-992D38000435}.Debug|Any CPU.Build.0 = Debug|Any CPU
		{F198ECE6-8D56-4702-91F4-992D38000435}.Release|Any CPU.ActiveCfg = Release|Any CPU
		{F198ECE6-8D56-4702-91F4-992D38000435}.Release|Any CPU.Build.0 = Release|Any CPU
		{3A45BC04-6938-409D-87E4-C37D52D13E59}.Debug|Any CPU.ActiveCfg = Debug|Any CPU
		{3A45BC04-6938-409D-87E4-C37D52D13E59}.Debug|Any CPU.Build.0 = Debug|Any CPU
		{3A45BC04-6938-409D-87E4-C37D52D13E59}.Release|Any CPU.ActiveCfg = Release|Any CPU
		{3A45BC04-6938-409D-87E4-C37D52D13E59}.Release|Any CPU.Build.0 = Release|Any CPU
		{754D3E1D-3FF1-4F38-91C5-48A0B3A55275}.Debug|Any CPU.ActiveCfg = Debug|Any CPU
		{754D3E1D-3FF1-4F38-91C5-48A0B3A55275}.Debug|Any CPU.Build.0 = Debug|Any CPU
		{754D3E1D-3FF1-4F38-91C5-48A0B3A55275}.Release|Any CPU.ActiveCfg = Release|Any CPU
		{754D3E1D-3FF1-4F38-91C5-48A0B3A55275}.Release|Any CPU.Build.0 = Release|Any CPU
		{8ED2FD0E-6886-493D-92AF-B424F94D3E22}.Debug|Any CPU.ActiveCfg = Debug|Any CPU
		{8ED2FD0E-6886-493D-92AF-B424F94D3E22}.Debug|Any CPU.Build.0 = Debug|Any CPU
		{8ED2FD0E-6886-493D-92AF-B424F94D3E22}.Release|Any CPU.ActiveCfg = Release|Any CPU
		{8ED2FD0E-6886-493D-92AF-B424F94D3E22}.Release|Any CPU.Build.0 = Release|Any CPU
		{1DBD287B-A496-4F50-B288-B9972D1DF990}.Debug|Any CPU.ActiveCfg = Debug|Any CPU
		{1DBD287B-A496-4F50-B288-B9972D1DF990}.Debug|Any CPU.Build.0 = Debug|Any CPU
		{1DBD287B-A496-4F50-B288-B9972D1DF990}.Release|Any CPU.ActiveCfg = Release|Any CPU
		{1DBD287B-A496-4F50-B288-B9972D1DF990}.Release|Any CPU.Build.0 = Release|Any CPU
		{871DAE72-FBBA-41F8-905F-57D829FCE27E}.Debug|Any CPU.ActiveCfg = Debug|Any CPU
		{871DAE72-FBBA-41F8-905F-57D829FCE27E}.Debug|Any CPU.Build.0 = Debug|Any CPU
		{871DAE72-FBBA-41F8-905F-57D829FCE27E}.Release|Any CPU.ActiveCfg = Release|Any CPU
		{871DAE72-FBBA-41F8-905F-57D829FCE27E}.Release|Any CPU.Build.0 = Release|Any CPU
	EndGlobalSection
	GlobalSection(SolutionProperties) = preSolution
		HideSolutionNode = FALSE
	EndGlobalSection
	GlobalSection(NestedProjects) = preSolution
		{413D14E8-A08E-4098-9D1C-7EAAD2B8B0EE} = {A5C0E8CF-656A-42EF-B83C-08A0BD42D29A}
		{B95760B3-4D39-4B1D-A845-CA2477B9EC7A} = {A5C0E8CF-656A-42EF-B83C-08A0BD42D29A}
		{5A9E7E54-A3A7-4CCD-83E3-C1BE97373B0E} = {A5C0E8CF-656A-42EF-B83C-08A0BD42D29A}
		{F1166FF4-D3A9-4773-9ABC-E57E0CF29A70} = {F740DA96-52F3-4A8D-8A6F-4BB6AEE6421B}
		{88E723D4-C469-4A75-922D-3A514F96AD6F} = {F740DA96-52F3-4A8D-8A6F-4BB6AEE6421B}
		{4449EF3C-5F3B-44B4-8DF5-171463CC8244} = {F740DA96-52F3-4A8D-8A6F-4BB6AEE6421B}
		{89A2A2EC-3FE8-4B32-B470-A365A801472C} = {3FCC653B-DD77-478D-A237-415B869BC92F}
		{CEF942CB-03C2-4D9E-A22C-C7BBF897E566} = {3FCC653B-DD77-478D-A237-415B869BC92F}
		{B38421C8-2715-4BF6-B4EB-2D23B7B14A6E} = {3FCC653B-DD77-478D-A237-415B869BC92F}
		{64430916-5FAA-433B-A428-E399B325137B} = {78710E4E-CB40-4812-B10B-5A3E5FDC24AE}
		{1938ABD7-9AD6-4A96-B5D4-F029E49AFE1F} = {78710E4E-CB40-4812-B10B-5A3E5FDC24AE}
		{0410BBBB-66C1-45A2-8C0F-C5DD70852B80} = {78710E4E-CB40-4812-B10B-5A3E5FDC24AE}
		{1AF0E5DE-0B28-418C-BA20-C5DCECB061A6} = {99C3969C-EF0F-4F31-9C55-DC0C79F92B70}
		{F0E7DC67-C85C-4FC6-B557-C6CA3CAE2A80} = {99C3969C-EF0F-4F31-9C55-DC0C79F92B70}
		{7B36640D-2F34-44D9-AD01-4907BB3BB3CB} = {99C3969C-EF0F-4F31-9C55-DC0C79F92B70}
		{B55C74DC-DF71-411C-A5D3-038FA1CE9D9E} = {8F0D2CE7-05D7-4579-AF9C-39CAC3120B03}
		{F2251A5F-E034-4948-AA32-4213E9E42770} = {8F0D2CE7-05D7-4579-AF9C-39CAC3120B03}
		{408B6749-CE5A-4EA8-A6EC-FFFA07AAEA50} = {8F0D2CE7-05D7-4579-AF9C-39CAC3120B03}
		{F198ECE6-8D56-4702-91F4-992D38000435} = {276A8E96-5441-4F7B-A815-7B4F4FE1751F}
		{3A45BC04-6938-409D-87E4-C37D52D13E59} = {276A8E96-5441-4F7B-A815-7B4F4FE1751F}
		{754D3E1D-3FF1-4F38-91C5-48A0B3A55275} = {276A8E96-5441-4F7B-A815-7B4F4FE1751F}
		{8ED2FD0E-6886-493D-92AF-B424F94D3E22} = {1002EB2B-AF05-4C5F-95DC-D3A85710D41C}
		{1DBD287B-A496-4F50-B288-B9972D1DF990} = {1002EB2B-AF05-4C5F-95DC-D3A85710D41C}
		{871DAE72-FBBA-41F8-905F-57D829FCE27E} = {1002EB2B-AF05-4C5F-95DC-D3A85710D41C}
	EndGlobalSection
	GlobalSection(ExtensibilityGlobals) = postSolution
		SolutionGuid = {2EDD4CAD-A895-435F-9DF5-86A254B2E880}
	EndGlobalSection
EndGlobal
